
Microsoft Visual Studio Solution File, Format Version 12.00
# Visual Studio Version 17
VisualStudioVersion = 17.11.35312.102
MinimumVisualStudioVersion = 10.0.40219.1
Project("{9A19103F-16F7-4668-BE54-9A1E7A4F7556}") = "DemoApp", "DemoApp\DemoApp\DemoApp.csproj", "{54CF78A4-94BE-48B6-8B76-0B3B5CF63C64}"
EndProject
Project("{9A19103F-16F7-4668-BE54-9A1E7A4F7556}") = "DemoApp.SocketProtocol", "DemoApp\DemoApp.SocketProtocol\DemoApp.SocketProtocol.csproj", "{31E626EC-B578-48A3-B36A-F50401AC279F}"
EndProject
Project("{9A19103F-16F7-4668-BE54-9A1E7A4F7556}") = "DemoApp.Server", "DemoApp\DemoApp.Server\DemoApp.Server.csproj", "{9485D297-61CB-40DE-B4ED-8E4F7465F28A}"
EndProject
Project("{2150E333-8FDC-42A3-9474-1A3956D46DE8}") = "SimpleObjectsLib", "SimpleObjectsLib", "{A127B443-8D18-49FE-85C4-B786D957609A}"
EndProject
Project("{2150E333-8FDC-42A3-9474-1A3956D46DE8}") = "Simple.Controls", "Simple.Controls", "{F27115FC-967E-4800-9F60-AA6429D9476C}"
EndProject
Project("{9A19103F-16F7-4668-BE54-9A1E7A4F7556}") = "Simple.Controls", "SimpleObjectsLib\Simple.Controls\Simple.Controls\Simple.Controls.csproj", "{96AEA7FD-A104-4948-A160-095C0241E6AF}"
EndProject
Project("{9A19103F-16F7-4668-BE54-9A1E7A4F7556}") = "Simple.Controls.TreeList", "SimpleObjectsLib\Simple.Controls\Simple.Controls.TreeList\Simple.Controls.TreeList.csproj", "{E8CC47F6-EFF1-4A5D-9963-9032F6870F1A}"
EndProject
Project("{9A19103F-16F7-4668-BE54-9A1E7A4F7556}") = "Simple.Objects.Controls", "SimpleObjectsLib\Simple.Controls\Simple.Objects.Controls\Simple.Objects.Controls.csproj", "{0804A516-3527-4A71-9685-7F188A836EAF}"
EndProject
Project("{2150E333-8FDC-42A3-9474-1A3956D46DE8}") = "Simple.Core", "Simple.Core", "{A97A1CE7-EA0A-4955-B65B-567CD896A6E6}"
EndProject
Project("{9A19103F-16F7-4668-BE54-9A1E7A4F7556}") = "Simple", "Simple.Core\Simple\Simple.csproj", "{6C216CD5-06EE-4017-A5FF-665BE06925EF}"
EndProject
Project("{9A19103F-16F7-4668-BE54-9A1E7A4F7556}") = "Simple.AppContext", "Simple.Core\Simple.AppContext\Simple.AppContext.csproj", "{C896685A-781C-493A-A32C-29ECD0C3FDFC}"
EndProject
Project("{9A19103F-16F7-4668-BE54-9A1E7A4F7556}") = "Simple.Collections", "Simple.Core\Simple.Collections\Simple.Collections.csproj", "{045095E4-2046-4DDA-BC1D-71061F2D3FF3}"
EndProject
Project("{9A19103F-16F7-4668-BE54-9A1E7A4F7556}") = "Simple.Compression", "Simple.Core\Simple.Compression\Simple.Compression.csproj", "{8A8F5F64-51C0-417F-BBA7-1D9E2E1C239F}"
EndProject
Project("{9A19103F-16F7-4668-BE54-9A1E7A4F7556}") = "Simple.Datastore", "Simple.Core\Simple.Datastore\Simple.Datastore.csproj", "{FBA1DD8E-A1D4-4969-9610-118ACB0FC8BF}"
EndProject
Project("{9A19103F-16F7-4668-BE54-9A1E7A4F7556}") = "Simple.Modeling", "Simple.Core\Simple.Modeling\Simple.Modeling.csproj", "{9DEE9778-DAD5-478E-8685-BEEFF9C50C0E}"
EndProject
Project("{9A19103F-16F7-4668-BE54-9A1E7A4F7556}") = "Simple.Network", "Simple.Core\Simple.Network\Simple.Network.csproj", "{A7708EFB-C279-4ACD-B2E7-19DD7A16850B}"
EndProject
Project("{9A19103F-16F7-4668-BE54-9A1E7A4F7556}") = "Simple.Security", "Simple.Core\Simple.Security\Simple.Security.csproj", "{655E35D8-3DE2-4B25-BB3B-FC19AC03DE64}"
EndProject
Project("{9A19103F-16F7-4668-BE54-9A1E7A4F7556}") = "Simple.Serialization", "Simple.Core\Simple.Serialization\Simple.Serialization.csproj", "{6E989BCD-AF91-4661-AD65-0341814FA684}"
EndProject
Project("{9A19103F-16F7-4668-BE54-9A1E7A4F7556}") = "Simple.Threading", "Simple.Core\Simple.Threading\Simple.Threading.csproj", "{B2BB7BCA-0B26-4B57-885A-58F82D263F9F}"
EndProject
Project("{2150E333-8FDC-42A3-9474-1A3956D46DE8}") = "Simple.Objects", "Simple.Objects", "{899D8E65-B639-4C5C-8F64-DB4F7508A31D}"
EndProject
Project("{9A19103F-16F7-4668-BE54-9A1E7A4F7556}") = "Simple.Objects", "SimpleObjectsLib\Simple.Objects\Simple.Objects.csproj", "{4351D1DD-C8FD-4957-B929-3391326EF42F}"
EndProject
Project("{2150E333-8FDC-42A3-9474-1A3956D46DE8}") = "Simple.Objects.SocketProtocols", "Simple.Objects.SocketProtocols", "{80209B4C-3B55-4A66-B264-D9D27D4450FA}"
EndProject
Project("{9A19103F-16F7-4668-BE54-9A1E7A4F7556}") = "Simple.Objects.SocketProtocol", "SimpleObjectsLib\Simple.Objects.SocketProtocols\Simple.Objects.SocketProtocol\Simple.Objects.SocketProtocol.csproj", "{D85D41AE-C9AA-42C9-9229-C5AA23178E7E}"
EndProject
Project("{2150E333-8FDC-42A3-9474-1A3956D46DE8}") = "Simple.Socketing", "Simple.Socketing", "{3468D99D-DED3-4AE5-BC83-871D1A9DADD8}"
EndProject
Project("{9A19103F-16F7-4668-BE54-9A1E7A4F7556}") = "Simple.SocketEngine", "SimpleObjectsLib\Simple.Socketing\Simple.SocketEngine\Simple.SocketEngine.csproj", "{110EBAE7-9BE4-4B6B-9D6D-992FBA58C68F}"
EndProject
Project("{2150E333-8FDC-42A3-9474-1A3956D46DE8}") = "Solution Item", "Solution Item", "{3C6715DC-6403-40DC-BE6D-7BAFF6D07D66}"
	ProjectSection(SolutionItems) = preProject
		DemoApp\Solution Items\GlobalAssemblyInfo.cs = DemoApp\Solution Items\GlobalAssemblyInfo.cs
	EndProjectSection
EndProject
Project("{9A19103F-16F7-4668-BE54-9A1E7A4F7556}") = "DemoApp.AppContext", "DemoApp\DemoApp.AppContext\DemoApp.AppContext.csproj", "{630EB2F7-6816-472F-A41D-E938C8EF1618}"
EndProject
Project("{9A19103F-16F7-4668-BE54-9A1E7A4F7556}") = "DemoApp.Icons", "DemoApp\DemoApp.Icons\DemoApp.Icons.csproj", "{82C94FCB-2E2C-40AE-B454-36DB74AFCDCA}"
EndProject
Project("{9A19103F-16F7-4668-BE54-9A1E7A4F7556}") = "DemoApp.Objects", "DemoApp\DemoApp.Objects\DemoApp.Objects.csproj", "{42A235D7-D41D-4775-8D49-E5DC6B3287C8}"
EndProject
Project("{9A19103F-16F7-4668-BE54-9A1E7A4F7556}") = "Simple.Objects.MonitorProtocol", "SimpleObjectsLib\Simple.Objects.SocketProtocols\Simple.Objects.MonitorProtocol\Simple.Objects.MonitorProtocol.csproj", "{F5C15DB5-0053-4788-9811-94345D7E996F}"
EndProject
Project("{2150E333-8FDC-42A3-9474-1A3956D46DE8}") = "Simple.Datastore.SqlServer", "Simple.Datastore.SqlServer", "{118226A5-7403-4023-BD91-159B3C8D7091}"
EndProject
Project("{9A19103F-16F7-4668-BE54-9A1E7A4F7556}") = "Simple.Datastore.Console", "SimpleObjectsLib\Simple.Datastore.SqlServer\Simple.Datastore.Console\Simple.Datastore.Console.csproj", "{E418247D-AD1C-4F54-8CA1-724A695DA4D8}"
EndProject
Project("{9A19103F-16F7-4668-BE54-9A1E7A4F7556}") = "Simple.Datastore.SqlServer", "SimpleObjectsLib\Simple.Datastore.SqlServer\Simple.Datastore.SqlServer\Simple.Datastore.SqlServer.csproj", "{8F6BFC4C-7C4C-4DAC-B1CF-D1E1A5C06DAE}"
EndProject
Project("{2150E333-8FDC-42A3-9474-1A3956D46DE8}") = "SuperSocket", "SuperSocket", "{BCFC823B-55C2-48B3-9DB0-5AF02A2C3B6F}"
EndProject
Project("{9A19103F-16F7-4668-BE54-9A1E7A4F7556}") = "SuperSocket.Client", "SuperSocket\src\SuperSocket.Client\SuperSocket.Client.csproj", "{51801A48-5872-4941-92BD-12BD9102E4D7}"
EndProject
Project("{9A19103F-16F7-4668-BE54-9A1E7A4F7556}") = "SuperSocket.Primitives", "SuperSocket\src\SuperSocket.Primitives\SuperSocket.Primitives.csproj", "{FBA2C27E-5CF4-45B4-AFF5-3FFE83B20DC4}"
EndProject
Project("{9A19103F-16F7-4668-BE54-9A1E7A4F7556}") = "SuperSocket.ProtoBase", "SuperSocket\src\SuperSocket.ProtoBase\SuperSocket.ProtoBase.csproj", "{8BD464F0-7B93-43A6-B87A-2AACDD1DFEA3}"
EndProject
Project("{9A19103F-16F7-4668-BE54-9A1E7A4F7556}") = "SuperSocket.Server", "SuperSocket\src\SuperSocket.Server\SuperSocket.Server.csproj", "{8461BE45-3910-4680-96AC-BD883262B613}"
EndProject
Project("{9A19103F-16F7-4668-BE54-9A1E7A4F7556}") = "SuperSocket.Udp", "SuperSocket\src\SuperSocket.Udp\SuperSocket.Udp.csproj", "{267B20CC-254E-4C84-BD45-656D6DAD155C}"
EndProject
Project("{9A19103F-16F7-4668-BE54-9A1E7A4F7556}") = "Simple.Objects.ServerMonitor", "SimpleObjectsLib\Simple.Controls\Simple.Objects.ServerMonitor\Simple.Objects.ServerMonitor.csproj", "{E807FA75-DD1A-4691-858A-DB4CD2FFDC3C}"
EndProject
Project("{9A19103F-16F7-4668-BE54-9A1E7A4F7556}") = "Simple.Datastore.Controls", "SimpleObjectsLib\Simple.Controls\Simple.Datastore.Controls\Simple.Datastore.Controls.csproj", "{7667D826-0EE8-4040-92FA-9024E44EA412}"
EndProject
Project("{FAE04EC0-301F-11D3-BF4B-00C04F79EFBC}") = "SuperSocket.Connection", "SuperSocket\src\SuperSocket.Connection\SuperSocket.Connection.csproj", "{08A3127B-DB48-3A16-69A9-AD29FF1F30E6}"
EndProject
Project("{FAE04EC0-301F-11D3-BF4B-00C04F79EFBC}") = "SuperSocket.Server.Abstractions", "SuperSocket\src\SuperSocket.Server.Abstractions\SuperSocket.Server.Abstractions.csproj", "{08817B10-AC2E-5A66-6FE3-0C1357D15079}"
EndProject
Project("{FAE04EC0-301F-11D3-BF4B-00C04F79EFBC}") = "SuperSocket.Client.Proxy", "SuperSocket\src\SuperSocket.Client.Proxy\SuperSocket.Client.Proxy.csproj", "{79EAF51D-96DF-C8AD-73CD-07A627E87ADA}"
EndProject
Global
	GlobalSection(SolutionConfigurationPlatforms) = preSolution
		Debug|Any CPU = Debug|Any CPU
		Release|Any CPU = Release|Any CPU
	EndGlobalSection
	GlobalSection(ProjectConfigurationPlatforms) = postSolution
		{54CF78A4-94BE-48B6-8B76-0B3B5CF63C64}.Debug|Any CPU.ActiveCfg = Debug|Any CPU
		{54CF78A4-94BE-48B6-8B76-0B3B5CF63C64}.Debug|Any CPU.Build.0 = Debug|Any CPU
		{54CF78A4-94BE-48B6-8B76-0B3B5CF63C64}.Release|Any CPU.ActiveCfg = Release|Any CPU
		{54CF78A4-94BE-48B6-8B76-0B3B5CF63C64}.Release|Any CPU.Build.0 = Release|Any CPU
		{31E626EC-B578-48A3-B36A-F50401AC279F}.Debug|Any CPU.ActiveCfg = Debug|Any CPU
		{31E626EC-B578-48A3-B36A-F50401AC279F}.Debug|Any CPU.Build.0 = Debug|Any CPU
		{31E626EC-B578-48A3-B36A-F50401AC279F}.Release|Any CPU.ActiveCfg = Release|Any CPU
		{31E626EC-B578-48A3-B36A-F50401AC279F}.Release|Any CPU.Build.0 = Release|Any CPU
		{9485D297-61CB-40DE-B4ED-8E4F7465F28A}.Debug|Any CPU.ActiveCfg = Debug|Any CPU
		{9485D297-61CB-40DE-B4ED-8E4F7465F28A}.Debug|Any CPU.Build.0 = Debug|Any CPU
		{9485D297-61CB-40DE-B4ED-8E4F7465F28A}.Release|Any CPU.ActiveCfg = Release|Any CPU
		{9485D297-61CB-40DE-B4ED-8E4F7465F28A}.Release|Any CPU.Build.0 = Release|Any CPU
		{96AEA7FD-A104-4948-A160-095C0241E6AF}.Debug|Any CPU.ActiveCfg = Debug|Any CPU
		{96AEA7FD-A104-4948-A160-095C0241E6AF}.Debug|Any CPU.Build.0 = Debug|Any CPU
		{96AEA7FD-A104-4948-A160-095C0241E6AF}.Release|Any CPU.ActiveCfg = Release|Any CPU
		{96AEA7FD-A104-4948-A160-095C0241E6AF}.Release|Any CPU.Build.0 = Release|Any CPU
		{E8CC47F6-EFF1-4A5D-9963-9032F6870F1A}.Debug|Any CPU.ActiveCfg = Debug|Any CPU
		{E8CC47F6-EFF1-4A5D-9963-9032F6870F1A}.Debug|Any CPU.Build.0 = Debug|Any CPU
		{E8CC47F6-EFF1-4A5D-9963-9032F6870F1A}.Release|Any CPU.ActiveCfg = Release|Any CPU
		{E8CC47F6-EFF1-4A5D-9963-9032F6870F1A}.Release|Any CPU.Build.0 = Release|Any CPU
		{0804A516-3527-4A71-9685-7F188A836EAF}.Debug|Any CPU.ActiveCfg = Debug|Any CPU
		{0804A516-3527-4A71-9685-7F188A836EAF}.Debug|Any CPU.Build.0 = Debug|Any CPU
		{0804A516-3527-4A71-9685-7F188A836EAF}.Release|Any CPU.ActiveCfg = Release|Any CPU
		{0804A516-3527-4A71-9685-7F188A836EAF}.Release|Any CPU.Build.0 = Release|Any CPU
		{6C216CD5-06EE-4017-A5FF-665BE06925EF}.Debug|Any CPU.ActiveCfg = Debug|Any CPU
		{6C216CD5-06EE-4017-A5FF-665BE06925EF}.Debug|Any CPU.Build.0 = Debug|Any CPU
		{6C216CD5-06EE-4017-A5FF-665BE06925EF}.Release|Any CPU.ActiveCfg = Release|Any CPU
		{6C216CD5-06EE-4017-A5FF-665BE06925EF}.Release|Any CPU.Build.0 = Release|Any CPU
		{C896685A-781C-493A-A32C-29ECD0C3FDFC}.Debug|Any CPU.ActiveCfg = Debug|Any CPU
		{C896685A-781C-493A-A32C-29ECD0C3FDFC}.Debug|Any CPU.Build.0 = Debug|Any CPU
		{C896685A-781C-493A-A32C-29ECD0C3FDFC}.Release|Any CPU.ActiveCfg = Release|Any CPU
		{C896685A-781C-493A-A32C-29ECD0C3FDFC}.Release|Any CPU.Build.0 = Release|Any CPU
		{045095E4-2046-4DDA-BC1D-71061F2D3FF3}.Debug|Any CPU.ActiveCfg = Debug|Any CPU
		{045095E4-2046-4DDA-BC1D-71061F2D3FF3}.Debug|Any CPU.Build.0 = Debug|Any CPU
		{045095E4-2046-4DDA-BC1D-71061F2D3FF3}.Release|Any CPU.ActiveCfg = Release|Any CPU
		{045095E4-2046-4DDA-BC1D-71061F2D3FF3}.Release|Any CPU.Build.0 = Release|Any CPU
		{8A8F5F64-51C0-417F-BBA7-1D9E2E1C239F}.Debug|Any CPU.ActiveCfg = Debug|Any CPU
		{8A8F5F64-51C0-417F-BBA7-1D9E2E1C239F}.Debug|Any CPU.Build.0 = Debug|Any CPU
		{8A8F5F64-51C0-417F-BBA7-1D9E2E1C239F}.Release|Any CPU.ActiveCfg = Release|Any CPU
		{8A8F5F64-51C0-417F-BBA7-1D9E2E1C239F}.Release|Any CPU.Build.0 = Release|Any CPU
		{FBA1DD8E-A1D4-4969-9610-118ACB0FC8BF}.Debug|Any CPU.ActiveCfg = Debug|Any CPU
		{FBA1DD8E-A1D4-4969-9610-118ACB0FC8BF}.Debug|Any CPU.Build.0 = Debug|Any CPU
		{FBA1DD8E-A1D4-4969-9610-118ACB0FC8BF}.Release|Any CPU.ActiveCfg = Release|Any CPU
		{FBA1DD8E-A1D4-4969-9610-118ACB0FC8BF}.Release|Any CPU.Build.0 = Release|Any CPU
		{9DEE9778-DAD5-478E-8685-BEEFF9C50C0E}.Debug|Any CPU.ActiveCfg = Debug|Any CPU
		{9DEE9778-DAD5-478E-8685-BEEFF9C50C0E}.Debug|Any CPU.Build.0 = Debug|Any CPU
		{9DEE9778-DAD5-478E-8685-BEEFF9C50C0E}.Release|Any CPU.ActiveCfg = Release|Any CPU
		{9DEE9778-DAD5-478E-8685-BEEFF9C50C0E}.Release|Any CPU.Build.0 = Release|Any CPU
		{A7708EFB-C279-4ACD-B2E7-19DD7A16850B}.Debug|Any CPU.ActiveCfg = Debug|Any CPU
		{A7708EFB-C279-4ACD-B2E7-19DD7A16850B}.Debug|Any CPU.Build.0 = Debug|Any CPU
		{A7708EFB-C279-4ACD-B2E7-19DD7A16850B}.Release|Any CPU.ActiveCfg = Release|Any CPU
		{A7708EFB-C279-4ACD-B2E7-19DD7A16850B}.Release|Any CPU.Build.0 = Release|Any CPU
		{655E35D8-3DE2-4B25-BB3B-FC19AC03DE64}.Debug|Any CPU.ActiveCfg = Debug|Any CPU
		{655E35D8-3DE2-4B25-BB3B-FC19AC03DE64}.Debug|Any CPU.Build.0 = Debug|Any CPU
		{655E35D8-3DE2-4B25-BB3B-FC19AC03DE64}.Release|Any CPU.ActiveCfg = Release|Any CPU
		{655E35D8-3DE2-4B25-BB3B-FC19AC03DE64}.Release|Any CPU.Build.0 = Release|Any CPU
		{6E989BCD-AF91-4661-AD65-0341814FA684}.Debug|Any CPU.ActiveCfg = Debug|Any CPU
		{6E989BCD-AF91-4661-AD65-0341814FA684}.Debug|Any CPU.Build.0 = Debug|Any CPU
		{6E989BCD-AF91-4661-AD65-0341814FA684}.Release|Any CPU.ActiveCfg = Release|Any CPU
		{6E989BCD-AF91-4661-AD65-0341814FA684}.Release|Any CPU.Build.0 = Release|Any CPU
		{B2BB7BCA-0B26-4B57-885A-58F82D263F9F}.Debug|Any CPU.ActiveCfg = Debug|Any CPU
		{B2BB7BCA-0B26-4B57-885A-58F82D263F9F}.Debug|Any CPU.Build.0 = Debug|Any CPU
		{B2BB7BCA-0B26-4B57-885A-58F82D263F9F}.Release|Any CPU.ActiveCfg = Release|Any CPU
		{B2BB7BCA-0B26-4B57-885A-58F82D263F9F}.Release|Any CPU.Build.0 = Release|Any CPU
		{4351D1DD-C8FD-4957-B929-3391326EF42F}.Debug|Any CPU.ActiveCfg = Debug|Any CPU
		{4351D1DD-C8FD-4957-B929-3391326EF42F}.Debug|Any CPU.Build.0 = Debug|Any CPU
		{4351D1DD-C8FD-4957-B929-3391326EF42F}.Release|Any CPU.ActiveCfg = Release|Any CPU
		{4351D1DD-C8FD-4957-B929-3391326EF42F}.Release|Any CPU.Build.0 = Release|Any CPU
		{D85D41AE-C9AA-42C9-9229-C5AA23178E7E}.Debug|Any CPU.ActiveCfg = Debug|Any CPU
		{D85D41AE-C9AA-42C9-9229-C5AA23178E7E}.Debug|Any CPU.Build.0 = Debug|Any CPU
		{D85D41AE-C9AA-42C9-9229-C5AA23178E7E}.Release|Any CPU.ActiveCfg = Release|Any CPU
		{D85D41AE-C9AA-42C9-9229-C5AA23178E7E}.Release|Any CPU.Build.0 = Release|Any CPU
		{110EBAE7-9BE4-4B6B-9D6D-992FBA58C68F}.Debug|Any CPU.ActiveCfg = Debug|Any CPU
		{110EBAE7-9BE4-4B6B-9D6D-992FBA58C68F}.Debug|Any CPU.Build.0 = Debug|Any CPU
		{110EBAE7-9BE4-4B6B-9D6D-992FBA58C68F}.Release|Any CPU.ActiveCfg = Release|Any CPU
		{110EBAE7-9BE4-4B6B-9D6D-992FBA58C68F}.Release|Any CPU.Build.0 = Release|Any CPU
		{630EB2F7-6816-472F-A41D-E938C8EF1618}.Debug|Any CPU.ActiveCfg = Debug|Any CPU
		{630EB2F7-6816-472F-A41D-E938C8EF1618}.Debug|Any CPU.Build.0 = Debug|Any CPU
		{630EB2F7-6816-472F-A41D-E938C8EF1618}.Release|Any CPU.ActiveCfg = Release|Any CPU
		{630EB2F7-6816-472F-A41D-E938C8EF1618}.Release|Any CPU.Build.0 = Release|Any CPU
		{82C94FCB-2E2C-40AE-B454-36DB74AFCDCA}.Debug|Any CPU.ActiveCfg = Debug|Any CPU
		{82C94FCB-2E2C-40AE-B454-36DB74AFCDCA}.Debug|Any CPU.Build.0 = Debug|Any CPU
		{82C94FCB-2E2C-40AE-B454-36DB74AFCDCA}.Release|Any CPU.ActiveCfg = Release|Any CPU
		{82C94FCB-2E2C-40AE-B454-36DB74AFCDCA}.Release|Any CPU.Build.0 = Release|Any CPU
		{42A235D7-D41D-4775-8D49-E5DC6B3287C8}.Debug|Any CPU.ActiveCfg = Debug|Any CPU
		{42A235D7-D41D-4775-8D49-E5DC6B3287C8}.Debug|Any CPU.Build.0 = Debug|Any CPU
		{42A235D7-D41D-4775-8D49-E5DC6B3287C8}.Release|Any CPU.ActiveCfg = Release|Any CPU
		{42A235D7-D41D-4775-8D49-E5DC6B3287C8}.Release|Any CPU.Build.0 = Release|Any CPU
		{F5C15DB5-0053-4788-9811-94345D7E996F}.Debug|Any CPU.ActiveCfg = Debug|Any CPU
		{F5C15DB5-0053-4788-9811-94345D7E996F}.Debug|Any CPU.Build.0 = Debug|Any CPU
		{F5C15DB5-0053-4788-9811-94345D7E996F}.Release|Any CPU.ActiveCfg = Release|Any CPU
		{F5C15DB5-0053-4788-9811-94345D7E996F}.Release|Any CPU.Build.0 = Release|Any CPU
		{E418247D-AD1C-4F54-8CA1-724A695DA4D8}.Debug|Any CPU.ActiveCfg = Debug|Any CPU
		{E418247D-AD1C-4F54-8CA1-724A695DA4D8}.Debug|Any CPU.Build.0 = Debug|Any CPU
		{E418247D-AD1C-4F54-8CA1-724A695DA4D8}.Release|Any CPU.ActiveCfg = Release|Any CPU
		{E418247D-AD1C-4F54-8CA1-724A695DA4D8}.Release|Any CPU.Build.0 = Release|Any CPU
		{8F6BFC4C-7C4C-4DAC-B1CF-D1E1A5C06DAE}.Debug|Any CPU.ActiveCfg = Debug|Any CPU
		{8F6BFC4C-7C4C-4DAC-B1CF-D1E1A5C06DAE}.Debug|Any CPU.Build.0 = Debug|Any CPU
		{8F6BFC4C-7C4C-4DAC-B1CF-D1E1A5C06DAE}.Release|Any CPU.ActiveCfg = Release|Any CPU
		{8F6BFC4C-7C4C-4DAC-B1CF-D1E1A5C06DAE}.Release|Any CPU.Build.0 = Release|Any CPU
		{51801A48-5872-4941-92BD-12BD9102E4D7}.Debug|Any CPU.ActiveCfg = Debug|Any CPU
		{51801A48-5872-4941-92BD-12BD9102E4D7}.Debug|Any CPU.Build.0 = Debug|Any CPU
		{51801A48-5872-4941-92BD-12BD9102E4D7}.Release|Any CPU.ActiveCfg = Release|Any CPU
		{51801A48-5872-4941-92BD-12BD9102E4D7}.Release|Any CPU.Build.0 = Release|Any CPU
		{FBA2C27E-5CF4-45B4-AFF5-3FFE83B20DC4}.Debug|Any CPU.ActiveCfg = Debug|Any CPU
		{FBA2C27E-5CF4-45B4-AFF5-3FFE83B20DC4}.Debug|Any CPU.Build.0 = Debug|Any CPU
		{FBA2C27E-5CF4-45B4-AFF5-3FFE83B20DC4}.Release|Any CPU.ActiveCfg = Release|Any CPU
		{FBA2C27E-5CF4-45B4-AFF5-3FFE83B20DC4}.Release|Any CPU.Build.0 = Release|Any CPU
		{8BD464F0-7B93-43A6-B87A-2AACDD1DFEA3}.Debug|Any CPU.ActiveCfg = Debug|Any CPU
		{8BD464F0-7B93-43A6-B87A-2AACDD1DFEA3}.Debug|Any CPU.Build.0 = Debug|Any CPU
		{8BD464F0-7B93-43A6-B87A-2AACDD1DFEA3}.Release|Any CPU.ActiveCfg = Release|Any CPU
		{8BD464F0-7B93-43A6-B87A-2AACDD1DFEA3}.Release|Any CPU.Build.0 = Release|Any CPU
		{8461BE45-3910-4680-96AC-BD883262B613}.Debug|Any CPU.ActiveCfg = Debug|Any CPU
		{8461BE45-3910-4680-96AC-BD883262B613}.Debug|Any CPU.Build.0 = Debug|Any CPU
		{8461BE45-3910-4680-96AC-BD883262B613}.Release|Any CPU.ActiveCfg = Release|Any CPU
		{8461BE45-3910-4680-96AC-BD883262B613}.Release|Any CPU.Build.0 = Release|Any CPU
		{267B20CC-254E-4C84-BD45-656D6DAD155C}.Debug|Any CPU.ActiveCfg = Debug|Any CPU
		{267B20CC-254E-4C84-BD45-656D6DAD155C}.Debug|Any CPU.Build.0 = Debug|Any CPU
		{267B20CC-254E-4C84-BD45-656D6DAD155C}.Release|Any CPU.ActiveCfg = Release|Any CPU
		{267B20CC-254E-4C84-BD45-656D6DAD155C}.Release|Any CPU.Build.0 = Release|Any CPU
		{E807FA75-DD1A-4691-858A-DB4CD2FFDC3C}.Debug|Any CPU.ActiveCfg = Debug|Any CPU
		{E807FA75-DD1A-4691-858A-DB4CD2FFDC3C}.Debug|Any CPU.Build.0 = Debug|Any CPU
		{E807FA75-DD1A-4691-858A-DB4CD2FFDC3C}.Release|Any CPU.ActiveCfg = Release|Any CPU
		{E807FA75-DD1A-4691-858A-DB4CD2FFDC3C}.Release|Any CPU.Build.0 = Release|Any CPU
		{7667D826-0EE8-4040-92FA-9024E44EA412}.Debug|Any CPU.ActiveCfg = Debug|Any CPU
		{7667D826-0EE8-4040-92FA-9024E44EA412}.Debug|Any CPU.Build.0 = Debug|Any CPU
		{7667D826-0EE8-4040-92FA-9024E44EA412}.Release|Any CPU.ActiveCfg = Release|Any CPU
		{7667D826-0EE8-4040-92FA-9024E44EA412}.Release|Any CPU.Build.0 = Release|Any CPU
		{08A3127B-DB48-3A16-69A9-AD29FF1F30E6}.Debug|Any CPU.ActiveCfg = Debug|Any CPU
		{08A3127B-DB48-3A16-69A9-AD29FF1F30E6}.Debug|Any CPU.Build.0 = Debug|Any CPU
		{08A3127B-DB48-3A16-69A9-AD29FF1F30E6}.Release|Any CPU.ActiveCfg = Release|Any CPU
		{08A3127B-DB48-3A16-69A9-AD29FF1F30E6}.Release|Any CPU.Build.0 = Release|Any CPU
		{08817B10-AC2E-5A66-6FE3-0C1357D15079}.Debug|Any CPU.ActiveCfg = Debug|Any CPU
		{08817B10-AC2E-5A66-6FE3-0C1357D15079}.Debug|Any CPU.Build.0 = Debug|Any CPU
		{08817B10-AC2E-5A66-6FE3-0C1357D15079}.Release|Any CPU.ActiveCfg = Release|Any CPU
		{08817B10-AC2E-5A66-6FE3-0C1357D15079}.Release|Any CPU.Build.0 = Release|Any CPU
		{79EAF51D-96DF-C8AD-73CD-07A627E87ADA}.Debug|Any CPU.ActiveCfg = Debug|Any CPU
		{79EAF51D-96DF-C8AD-73CD-07A627E87ADA}.Debug|Any CPU.Build.0 = Debug|Any CPU
		{79EAF51D-96DF-C8AD-73CD-07A627E87ADA}.Release|Any CPU.ActiveCfg = Release|Any CPU
		{79EAF51D-96DF-C8AD-73CD-07A627E87ADA}.Release|Any CPU.Build.0 = Release|Any CPU
	EndGlobalSection
	GlobalSection(SolutionProperties) = preSolution
		HideSolutionNode = FALSE
	EndGlobalSection
	GlobalSection(NestedProjects) = preSolution
		{F27115FC-967E-4800-9F60-AA6429D9476C} = {A127B443-8D18-49FE-85C4-B786D957609A}
		{96AEA7FD-A104-4948-A160-095C0241E6AF} = {F27115FC-967E-4800-9F60-AA6429D9476C}
		{E8CC47F6-EFF1-4A5D-9963-9032F6870F1A} = {F27115FC-967E-4800-9F60-AA6429D9476C}
		{0804A516-3527-4A71-9685-7F188A836EAF} = {F27115FC-967E-4800-9F60-AA6429D9476C}
		{6C216CD5-06EE-4017-A5FF-665BE06925EF} = {A97A1CE7-EA0A-4955-B65B-567CD896A6E6}
		{C896685A-781C-493A-A32C-29ECD0C3FDFC} = {A97A1CE7-EA0A-4955-B65B-567CD896A6E6}
		{045095E4-2046-4DDA-BC1D-71061F2D3FF3} = {A97A1CE7-EA0A-4955-B65B-567CD896A6E6}
		{8A8F5F64-51C0-417F-BBA7-1D9E2E1C239F} = {A97A1CE7-EA0A-4955-B65B-567CD896A6E6}
		{FBA1DD8E-A1D4-4969-9610-118ACB0FC8BF} = {A97A1CE7-EA0A-4955-B65B-567CD896A6E6}
		{9DEE9778-DAD5-478E-8685-BEEFF9C50C0E} = {A97A1CE7-EA0A-4955-B65B-567CD896A6E6}
		{A7708EFB-C279-4ACD-B2E7-19DD7A16850B} = {A97A1CE7-EA0A-4955-B65B-567CD896A6E6}
		{655E35D8-3DE2-4B25-BB3B-FC19AC03DE64} = {A97A1CE7-EA0A-4955-B65B-567CD896A6E6}
		{6E989BCD-AF91-4661-AD65-0341814FA684} = {A97A1CE7-EA0A-4955-B65B-567CD896A6E6}
		{B2BB7BCA-0B26-4B57-885A-58F82D263F9F} = {A97A1CE7-EA0A-4955-B65B-567CD896A6E6}
		{899D8E65-B639-4C5C-8F64-DB4F7508A31D} = {A127B443-8D18-49FE-85C4-B786D957609A}
		{4351D1DD-C8FD-4957-B929-3391326EF42F} = {899D8E65-B639-4C5C-8F64-DB4F7508A31D}
		{80209B4C-3B55-4A66-B264-D9D27D4450FA} = {A127B443-8D18-49FE-85C4-B786D957609A}
		{D85D41AE-C9AA-42C9-9229-C5AA23178E7E} = {80209B4C-3B55-4A66-B264-D9D27D4450FA}
		{3468D99D-DED3-4AE5-BC83-871D1A9DADD8} = {A127B443-8D18-49FE-85C4-B786D957609A}
		{110EBAE7-9BE4-4B6B-9D6D-992FBA58C68F} = {3468D99D-DED3-4AE5-BC83-871D1A9DADD8}
		{F5C15DB5-0053-4788-9811-94345D7E996F} = {80209B4C-3B55-4A66-B264-D9D27D4450FA}
		{118226A5-7403-4023-BD91-159B3C8D7091} = {A127B443-8D18-49FE-85C4-B786D957609A}
		{E418247D-AD1C-4F54-8CA1-724A695DA4D8} = {118226A5-7403-4023-BD91-159B3C8D7091}
		{8F6BFC4C-7C4C-4DAC-B1CF-D1E1A5C06DAE} = {118226A5-7403-4023-BD91-159B3C8D7091}
		{51801A48-5872-4941-92BD-12BD9102E4D7} = {BCFC823B-55C2-48B3-9DB0-5AF02A2C3B6F}
		{FBA2C27E-5CF4-45B4-AFF5-3FFE83B20DC4} = {BCFC823B-55C2-48B3-9DB0-5AF02A2C3B6F}
		{8BD464F0-7B93-43A6-B87A-2AACDD1DFEA3} = {BCFC823B-55C2-48B3-9DB0-5AF02A2C3B6F}
		{8461BE45-3910-4680-96AC-BD883262B613} = {BCFC823B-55C2-48B3-9DB0-5AF02A2C3B6F}
		{267B20CC-254E-4C84-BD45-656D6DAD155C} = {BCFC823B-55C2-48B3-9DB0-5AF02A2C3B6F}
		{E807FA75-DD1A-4691-858A-DB4CD2FFDC3C} = {F27115FC-967E-4800-9F60-AA6429D9476C}
		{7667D826-0EE8-4040-92FA-9024E44EA412} = {F27115FC-967E-4800-9F60-AA6429D9476C}
		{08A3127B-DB48-3A16-69A9-AD29FF1F30E6} = {BCFC823B-55C2-48B3-9DB0-5AF02A2C3B6F}
		{08817B10-AC2E-5A66-6FE3-0C1357D15079} = {BCFC823B-55C2-48B3-9DB0-5AF02A2C3B6F}
		{79EAF51D-96DF-C8AD-73CD-07A627E87ADA} = {BCFC823B-55C2-48B3-9DB0-5AF02A2C3B6F}
	EndGlobalSection
	GlobalSection(ExtensibilityGlobals) = postSolution
		SolutionGuid = {0E4C9410-F6C0-4BB6-B2F7-D135E553B4A0}
	EndGlobalSection
EndGlobal
